// !$*UTF8*$!
{
	archiveVersion = 1;
	classes = {
	};
	objectVersion = 50;
	objects = {

/* Begin PBXBuildFile section */
		CBB6F8AA223AD6330004F028 /* AppDelegate.swift in Sources */ = {isa = PBXBuildFile; fileRef = CBB6F8A9223AD6330004F028 /* AppDelegate.swift */; };
		CBB6F8AC223AD6330004F028 /* ViewController.swift in Sources */ = {isa = PBXBuildFile; fileRef = CBB6F8AB223AD6330004F028 /* ViewController.swift */; };
		CBB6F8AF223AD6330004F028 /* Main.storyboard in Resources */ = {isa = PBXBuildFile; fileRef = CBB6F8AD223AD6330004F028 /* Main.storyboard */; };
		CBB6F8B1223AD6330004F028 /* Assets.xcassets in Resources */ = {isa = PBXBuildFile; fileRef = CBB6F8B0223AD6330004F028 /* Assets.xcassets */; };
		CBB6F8B4223AD6330004F028 /* LaunchScreen.storyboard in Resources */ = {isa = PBXBuildFile; fileRef = CBB6F8B2223AD6330004F028 /* LaunchScreen.storyboard */; };
		CBB6F8BC223AD8E90004F028 /* User.swift in Sources */ = {isa = PBXBuildFile; fileRef = CBB6F8BB223AD8E90004F028 /* User.swift */; };
/* End PBXBuildFile section */

/* Begin PBXFileReference section */
		CBB6F8A6223AD6320004F028 /* GROUP10_W2019_MAD3115_iOS.app */ = {isa = PBXFileReference; explicitFileType = wrapper.application; includeInIndex = 0; path = GROUP10_W2019_MAD3115_iOS.app; sourceTree = BUILT_PRODUCTS_DIR; };
		CBB6F8A9223AD6330004F028 /* AppDelegate.swift */ = {isa = PBXFileReference; lastKnownFileType = sourcecode.swift; path = AppDelegate.swift; sourceTree = "<group>"; };
		CBB6F8AB223AD6330004F028 /* ViewController.swift */ = {isa = PBXFileReference; lastKnownFileType = sourcecode.swift; path = ViewController.swift; sourceTree = "<group>"; };
		CBB6F8AE223AD6330004F028 /* Base */ = {isa = PBXFileReference; lastKnownFileType = file.storyboard; name = Base; path = Base.lproj/Main.storyboard; sourceTree = "<group>"; };
		CBB6F8B0223AD6330004F028 /* Assets.xcassets */ = {isa = PBXFileReference; lastKnownFileType = folder.assetcatalog; path = Assets.xcassets; sourceTree = "<group>"; };
		CBB6F8B3223AD6330004F028 /* Base */ = {isa = PBXFileReference; lastKnownFileType = file.storyboard; name = Base; path = Base.lproj/LaunchScreen.storyboard; sourceTree = "<group>"; };
		CBB6F8B5223AD6330004F028 /* Info.plist */ = {isa = PBXFileReference; lastKnownFileType = text.plist.xml; path = Info.plist; sourceTree = "<group>"; };
		CBB6F8BB223AD8E90004F028 /* User.swift */ = {isa = PBXFileReference; lastKnownFileType = sourcecode.swift; path = User.swift; sourceTree = "<group>"; };
/* End PBXFileReference section */

/* Begin PBXFrameworksBuildPhase section */
		CBB6F8A3223AD6320004F028 /* Frameworks */ = {
			isa = PBXFrameworksBuildPhase;
			buildActionMask = 2147483647;
			files = (
			);
			runOnlyForDeploymentPostprocessing = 0;
		};
/* End PBXFrameworksBuildPhase section */

/* Begin PBXGroup section */
		CBB6F89D223AD6320004F028 = {
			isa = PBXGroup;
			children = (
				CBB6F8A8223AD6320004F028 /* GROUP10_W2019_MAD3115_iOS */,
				CBB6F8A7223AD6320004F028 /* Products */,
			);
			sourceTree = "<group>";
		};
		CBB6F8A7223AD6320004F028 /* Products */ = {
			isa = PBXGroup;
			children = (
				CBB6F8A6223AD6320004F028 /* GROUP10_W2019_MAD3115_iOS.app */,
			);
			name = Products;
			sourceTree = "<group>";
		};
		CBB6F8A8223AD6320004F028 /* GROUP10_W2019_MAD3115_iOS */ = {
			isa = PBXGroup;
			children = (
				CBB6F8A9223AD6330004F028 /* AppDelegate.swift */,
				CBB6F8AB223AD6330004F028 /* ViewController.swift */,
				CBB6F8AD223AD6330004F028 /* Main.storyboard */,
				CBB6F8B0223AD6330004F028 /* Assets.xcassets */,
				CBB6F8B2223AD6330004F028 /* LaunchScreen.storyboard */,
				CBB6F8B5223AD6330004F028 /* Info.plist */,
				CBB6F8BB223AD8E90004F028 /* User.swift */,
			);
			path = GROUP10_W2019_MAD3115_iOS;
			sourceTree = "<group>";
		};
/* End PBXGroup section */

/* Begin PBXNativeTarget section */
		CBB6F8A5223AD6320004F028 /* GROUP10_W2019_MAD3115_iOS */ = {
			isa = PBXNativeTarget;
			buildConfigurationList = CBB6F8B8223AD6330004F028 /* Build configuration list for PBXNativeTarget "GROUP10_W2019_MAD3115_iOS" */;
			buildPhases = (
				CBB6F8A2223AD6320004F028 /* Sources */,
				CBB6F8A3223AD6320004F028 /* Frameworks */,
				CBB6F8A4223AD6320004F028 /* Resources */,
			);
			buildRules = (
			);
			dependencies = (
			);
			name = GROUP10_W2019_MAD3115_iOS;
			productName = GROUP10_W2019_MAD3115_iOS;
			productReference = CBB6F8A6223AD6320004F028 /* GROUP10_W2019_MAD3115_iOS.app */;
			productType = "com.apple.product-type.application";
		};
/* End PBXNativeTarget section */

/* Begin PBXProject section */
		CBB6F89E223AD6320004F028 /* Project object */ = {
			isa = PBXProject;
			attributes = {
				LastSwiftUpdateCheck = 1020;
				LastUpgradeCheck = 1020;
				ORGANIZATIONNAME = "Jubin KS";
				TargetAttributes = {
					CBB6F8A5223AD6320004F028 = {
						CreatedOnToolsVersion = 10.2;
					};
				};
			};
			buildConfigurationList = CBB6F8A1223AD6320004F028 /* Build configuration list for PBXProject "GROUP10_W2019_MAD3115_iOS" */;
			compatibilityVersion = "Xcode 9.3";
			developmentRegion = en;
			hasScannedForEncodings = 0;
			knownRegions = (
				en,
				Base,
			);
			mainGroup = CBB6F89D223AD6320004F028;
			productRefGroup = CBB6F8A7223AD6320004F028 /* Products */;
			projectDirPath = "";
			projectRoot = "";
			targets = (
				CBB6F8A5223AD6320004F028 /* GROUP10_W2019_MAD3115_iOS */,
			);
		};
/* End PBXProject section */

/* Begin PBXResourcesBuildPhase section */
		CBB6F8A4223AD6320004F028 /* Resources */ = {
			isa = PBXResourcesBuildPhase;
			buildActionMask = 2147483647;
			files = (
				CBB6F8B4223AD6330004F028 /* LaunchScreen.storyboard in Resources */,
				CBB6F8B1223AD6330004F028 /* Assets.xcassets in Resources */,
				CBB6F8AF223AD6330004F028 /* Main.storyboard in Resources */,
			);
			runOnlyForDeploymentPostprocessing = 0;
		};
/* End PBXResourcesBuildPhase section */

/* Begin PBXSourcesBuildPhase section */
		CBB6F8A2223AD6320004F028 /* Sources */ = {
			isa = PBXSourcesBuildPhase;
			buildActionMask = 2147483647;
			files = (
				CBB6F8AC223AD6330004F028 /* ViewController.swift in Sources */,
				CBB6F8AA223AD6330004F028 /* AppDelegate.swift in Sources */,
				CBB6F8BC223AD8E90004F028 /* User.swift in Sources */,
			);
			runOnlyForDeploymentPostprocessing = 0;
		};
/* End PBXSourcesBuildPhase section */

/* Begin PBXVariantGroup section */
		CBB6F8AD223AD6330004F028 /* Main.storyboard */ = {
			isa = PBXVariantGroup;
			children = (
				CBB6F8AE223AD6330004F028 /* Base */,
			);
			name = Main.storyboard;
			sourceTree = "<group>";
		};
		CBB6F8B2223AD6330004F028 /* LaunchScreen.storyboard */ = {
			isa = PBXVariantGroup;
			children = (
				CBB6F8B3223AD6330004F028 /* Base */,
			);
			name = LaunchScreen.storyboard;
			sourceTree = "<group>";
		};
/* End PBXVariantGroup section */

/* Begin XCBuildConfiguration section */
		CBB6F8B6223AD6330004F028 /* Debug */ = {
			isa = XCBuildConfiguration;
			buildSettings = {
				ALWAYS_SEARCH_USER_PATHS = NO;
				CLANG_ANALYZER_NONNULL = YES;
				CLANG_ANALYZER_NUMBER_OBJECT_CONVERSION = YES_AGGRESSIVE;
				CLANG_CXX_LANGUAGE_STANDARD = "gnu++14";
				CLANG_CXX_LIBRARY = "libc++";
				CLANG_ENABLE_MODULES = YES;
				CLANG_ENABLE_OBJC_ARC = YES;
				CLANG_ENABLE_OBJC_WEAK = YES;
				CLANG_WARN_BLOCK_CAPTURE_AUTORELEASING = YES;
				CLANG_WARN_BOOL_CONVERSION = YES;
				CLANG_WARN_COMMA = YES;
				CLANG_WARN_CONSTANT_CONVERSION = YES;
				CLANG_WARN_DEPRECATED_OBJC_IMPLEMENTATIONS = YES;
				CLANG_WARN_DIRECT_OBJC_ISA_USAGE = YES_ERROR;
				CLANG_WARN_DOCUMENTATION_COMMENTS = YES;
				CLANG_WARN_EMPTY_BODY = YES;
				CLANG_WARN_ENUM_CONVERSION = YES;
				CLANG_WARN_INFINITE_RECURSION = YES;
				CLANG_WARN_INT_CONVERSION = YES;
				CLANG_WARN_NON_LITERAL_NULL_CONVERSION = YES;
				CLANG_WARN_OBJC_IMPLICIT_RETAIN_SELF = YES;
				CLANG_WARN_OBJC_LITERAL_CONVERSION = YES;
				CLANG_WARN_OBJC_ROOT_CLASS = YES_ERROR;
				CLANG_WARN_RANGE_LOOP_ANALYSIS = YES;
				CLANG_WARN_STRICT_PROTOTYPES = YES;
				CLANG_WARN_SUSPICIOUS_MOVE = YES;
				CLANG_WARN_UNGUARDED_AVAILABILITY = YES_AGGRESSIVE;
				CLANG_WARN_UNREACHABLE_CODE = YES;
				CLANG_WARN__DUPLICATE_METHOD_MATCH = YES;
				CODE_SIGN_IDENTITY = "iPhone Developer";
				COPY_PHASE_STRIP = NO;
				DEBUG_INFORMATION_FORMAT = dwarf;
				ENABLE_STRICT_OBJC_MSGSEND = YES;
				ENABLE_TESTABILITY = YES;
				GCC_C_LANGUAGE_STANDARD = gnu11;
				GCC_DYNAMIC_NO_PIC = NO;
				GCC_NO_COMMON_BLOCKS = YES;
				GCC_OPTIMIZATION_LEVEL = 0;
				GCC_PREPROCESSOR_DEFINITIONS = (
					"DEBUG=1",
					"$(inherited)",
				);
				GCC_WARN_64_TO_32_BIT_CONVERSION = YES;
				GCC_WARN_ABOUT_RETURN_TYPE = YES_ERROR;
				GCC_WARN_UNDECLARED_SELECTOR = YES;
				GCC_WARN_UNINITIALIZED_AUTOS = YES_AGGRESSIVE;
				GCC_WARN_UNUSED_FUNCTION = YES;
				GCC_WARN_UNUSED_VARIABLE = YES;
				IPHONEOS_DEPLOYMENT_TARGET = 12.2;
				MTL_ENABLE_DEBUG_INFO = INCLUDE_SOURCE;
				MTL_FAST_MATH = YES;
				ONLY_ACTIVE_ARCH = YES;
				SDKROOT = iphoneos;
				SWIFT_ACTIVE_COMPILATION_CONDITIONS = DEBUG;
				SWIFT_OPTIMIZATION_LEVEL = "-Onone";
			};
			name = Debug;
		};
		CBB6F8B7223AD6330004F028 /* Release */ = {
			isa = XCBuildConfiguration;
			buildSettings = {
				ALWAYS_SEARCH_USER_PATHS = NO;
				CLANG_ANALYZER_NONNULL = YES;
				CLANG_ANALYZER_NUMBER_OBJECT_CONVERSION = YES_AGGRESSIVE;
				CLANG_CXX_LANGUAGE_STANDARD = "gnu++14";
				CLANG_CXX_LIBRARY = "libc++";
				CLANG_ENABLE_MODULES = YES;
				CLANG_ENABLE_OBJC_ARC = YES;
				CLANG_ENABLE_OBJC_WEAK = YES;
				CLANG_WARN_BLOCK_CAPTURE_AUTORELEASING = YES;
				CLANG_WARN_BOOL_CONVERSION = YES;
				CLANG_WARN_COMMA = YES;
				CLANG_WARN_CONSTANT_CONVERSION = YES;
				CLANG_WARN_DEPRECATED_OBJC_IMPLEMENTATIONS = YES;
				CLANG_WARN_DIRECT_OBJC_ISA_USAGE = YES_ERROR;
				CLANG_WARN_DOCUMENTATION_COMMENTS = YES;
				CLANG_WARN_EMPTY_BODY = YES;
				CLANG_WARN_ENUM_CONVERSION = YES;
				CLANG_WARN_INFINITE_RECURSION = YES;
				CLANG_WARN_INT_CONVERSION = YES;
				CLANG_WARN_NON_LITERAL_NULL_CONVERSION = YES;
				CLANG_WARN_OBJC_IMPLICIT_RETAIN_SELF = YES;
				CLANG_WARN_OBJC_LITERAL_CONVERSION = YES;
				CLANG_WARN_OBJC_ROOT_CLASS = YES_ERROR;
				CLANG_WARN_RANGE_LOOP_ANALYSIS = YES;
				CLANG_WARN_STRICT_PROTOTYPES = YES;
				CLANG_WARN_SUSPICIOUS_MOVE = YES;
				CLANG_WARN_UNGUARDED_AVAILABILITY = YES_AGGRESSIVE;
				CLANG_WARN_UNREACHABLE_CODE = YES;
				CLANG_WARN__DUPLICATE_METHOD_MATCH = YES;
				CODE_SIGN_IDENTITY = "iPhone Developer";
				COPY_PHASE_STRIP = NO;
				DEBUG_INFORMATION_FORMAT = "dwarf-with-dsym";
				ENABLE_NS_ASSERTIONS = NO;
				ENABLE_STRICT_OBJC_MSGSEND = YES;
				GCC_C_LANGUAGE_STANDARD = gnu11;
				GCC_NO_COMMON_BLOCKS = YES;
				GCC_WARN_64_TO_32_BIT_CONVERSION = YES;
				GCC_WARN_ABOUT_RETURN_TYPE = YES_ERROR;
				GCC_WARN_UNDECLARED_SELECTOR = YES;
				GCC_WARN_UNINITIALIZED_AUTOS = YES_AGGRESSIVE;
				GCC_WARN_UNUSED_FUNCTION = YES;
				GCC_WARN_UNUSED_VARIABLE = YES;
				IPHONEOS_DEPLOYMENT_TARGET = 12.2;
				MTL_ENABLE_DEBUG_INFO = NO;
				MTL_FAST_MATH = YES;
				SDKROOT = iphoneos;
				SWIFT_COMPILATION_MODE = wholemodule;
				SWIFT_OPTIMIZATION_LEVEL = "-O";
				VALIDATE_PRODUCT = YES;
			};
			name = Release;
		};
		CBB6F8B9223AD6330004F028 /* Debug */ = {
			isa = XCBuildConfiguration;
			buildSettings = {
				ASSETCATALOG_COMPILER_APPICON_NAME = AppIcon;
				CODE_SIGN_STYLE = Automatic;
				DEVELOPMENT_TEAM = 5LD4H9PGYY;
				INFOPLIST_FILE = GROUP10_W2019_MAD3115_iOS/Info.plist;
				LD_RUNPATH_SEARCH_PATHS = (
					"$(inherited)",
					"@executable_path/Frameworks",
				);
				PRODUCT_BUNDLE_IDENTIFIER = "COM.jubinks.GROUP10-W2019-MAD3115-iOS";
				PRODUCT_NAME = "$(TARGET_NAME)";
				SWIFT_VERSION = 5.0;
				TARGETED_DEVICE_FAMILY = "1,2";
			};
			name = Debug;
		};
		CBB6F8BA223AD6330004F028 /* Release */ = {
			isa = XCBuildConfiguration;
			buildSettings = {
				ASSETCATALOG_COMPILER_APPICON_NAME = AppIcon;
				CODE_SIGN_STYLE = Automatic;
				DEVELOPMENT_TEAM = 5LD4H9PGYY;
				INFOPLIST_FILE = GROUP10_W2019_MAD3115_iOS/Info.plist;
				LD_RUNPATH_SEARCH_PATHS = (
					"$(inherited)",
					"@executable_path/Frameworks",
				);
				PRODUCT_BUNDLE_IDENTIFIER = "COM.jubinks.GROUP10-W2019-MAD3115-iOS";
				PRODUCT_NAME = "$(TARGET_NAME)";
				SWIFT_VERSION = 5.0;
				TARGETED_DEVICE_FAMILY = "1,2";
			};
			name = Release;
		};
/* End XCBuildConfiguration section */

/* Begin XCConfigurationList section */
		CBB6F8A1223AD6320004F028 /* Build configuration list for PBXProject "GROUP10_W2019_MAD3115_iOS" */ = {
			isa = XCConfigurationList;
			buildConfigurations = (
				CBB6F8B6223AD6330004F028 /* Debug */,
				CBB6F8B7223AD6330004F028 /* Release */,
			);
			defaultConfigurationIsVisible = 0;
			defaultConfigurationName = Release;
		};
		CBB6F8B8223AD6330004F028 /* Build configuration list for PBXNativeTarget "GROUP10_W2019_MAD3115_iOS" */ = {
			isa = XCConfigurationList;
			buildConfigurations = (
				CBB6F8B9223AD6330004F028 /* Debug */,
				CBB6F8BA223AD6330004F028 /* Release */,
			);
			defaultConfigurationIsVisible = 0;
			defaultConfigurationName = Release;
		};
/* End XCConfigurationList section */
	};
	rootObject = CBB6F89E223AD6320004F028 /* Project object */;
}
